
Microsoft Visual Studio Solution File, Format Version 12.00
# Visual Studio Version 16
VisualStudioVersion = 16.0.29709.97
MinimumVisualStudioVersion = 10.0.40219.1
Project("{FAE04EC0-301F-11D3-BF4B-00C04F79EFBC}") = "BookingAppStore", "BookingAppStore\BookingAppStore.csproj", "{19E8C4A2-D479-4BCD-8262-94F2174ED49C}"
EndProject
Project("{FAE04EC0-301F-11D3-BF4B-00C04F79EFBC}") = "BookingAppStore.DAL", "BookingAppStore.DL\BookingAppStore.DAL.csproj", "{2B5993DD-18BD-4D27-9494-129BE80C066E}"
EndProject
Project("{FAE04EC0-301F-11D3-BF4B-00C04F79EFBC}") = "BokingAppStore.BLL", "BokingAppStore.BLL\BokingAppStore.BLL.csproj", "{DA5B688A-9D4D-44F1-ADD0-C5D396C1378E}"
EndProject
Global
	GlobalSection(SolutionConfigurationPlatforms) = preSolution
		Debug|Any CPU = Debug|Any CPU
		Release|Any CPU = Release|Any CPU
	EndGlobalSection
	GlobalSection(ProjectConfigurationPlatforms) = postSolution
		{19E8C4A2-D479-4BCD-8262-94F2174ED49C}.Debug|Any CPU.ActiveCfg = Debug|Any CPU
		{19E8C4A2-D479-4BCD-8262-94F2174ED49C}.Debug|Any CPU.Build.0 = Debug|Any CPU
		{19E8C4A2-D479-4BCD-8262-94F2174ED49C}.Release|Any CPU.ActiveCfg = Release|Any CPU
		{19E8C4A2-D479-4BCD-8262-94F2174ED49C}.Release|Any CPU.Build.0 = Release|Any CPU
		{2B5993DD-18BD-4D27-9494-129BE80C066E}.Debug|Any CPU.ActiveCfg = Debug|Any CPU
		{2B5993DD-18BD-4D27-9494-129BE80C066E}.Debug|Any CPU.Build.0 = Debug|Any CPU
		{2B5993DD-18BD-4D27-9494-129BE80C066E}.Release|Any CPU.ActiveCfg = Release|Any CPU
		{2B5993DD-18BD-4D27-9494-129BE80C066E}.Release|Any CPU.Build.0 = Release|Any CPU
		{DA5B688A-9D4D-44F1-ADD0-C5D396C1378E}.Debug|Any CPU.ActiveCfg = Debug|Any CPU
		{DA5B688A-9D4D-44F1-ADD0-C5D396C1378E}.Debug|Any CPU.Build.0 = Debug|Any CPU
		{DA5B688A-9D4D-44F1-ADD0-C5D396C1378E}.Release|Any CPU.ActiveCfg = Release|Any CPU
		{DA5B688A-9D4D-44F1-ADD0-C5D396C1378E}.Release|Any CPU.Build.0 = Release|Any CPU
	EndGlobalSection
	GlobalSection(SolutionProperties) = preSolution
		HideSolutionNode = FALSE
	EndGlobalSection
	GlobalSection(ExtensibilityGlobals) = postSolution
		SolutionGuid = {7F1382C0-CFDB-4908-9187-7F2605E08DC3}
	EndGlobalSection
EndGlobal
